// !$*UTF8*$!
{
	archiveVersion = 1;
	classes = {
	};
	objectVersion = 46;
	objects = {

/* Begin PBXBuildFile section */
		B716AE271D746E3700FB0B14 /* AppDelegate.swift in Sources */ = {isa = PBXBuildFile; fileRef = B716AE261D746E3700FB0B14 /* AppDelegate.swift */; };
		B716AE2A1D746E3700FB0B14 /* innovation_manga_reader.xcdatamodeld in Sources */ = {isa = PBXBuildFile; fileRef = B716AE281D746E3700FB0B14 /* innovation_manga_reader.xcdatamodeld */; };
		B716AE2C1D746E3700FB0B14 /* MasterViewController.swift in Sources */ = {isa = PBXBuildFile; fileRef = B716AE2B1D746E3700FB0B14 /* MasterViewController.swift */; };
		B716AE2E1D746E3700FB0B14 /* DetailViewController.swift in Sources */ = {isa = PBXBuildFile; fileRef = B716AE2D1D746E3700FB0B14 /* DetailViewController.swift */; };
		B716AE311D746E3700FB0B14 /* Main.storyboard in Resources */ = {isa = PBXBuildFile; fileRef = B716AE2F1D746E3700FB0B14 /* Main.storyboard */; };
		B716AE331D746E3700FB0B14 /* Assets.xcassets in Resources */ = {isa = PBXBuildFile; fileRef = B716AE321D746E3700FB0B14 /* Assets.xcassets */; };
		B716AE361D746E3700FB0B14 /* LaunchScreen.storyboard in Resources */ = {isa = PBXBuildFile; fileRef = B716AE341D746E3700FB0B14 /* LaunchScreen.storyboard */; };
/* End PBXBuildFile section */

/* Begin PBXFileReference section */
		B716AE231D746E3700FB0B14 /* innovation-manga-reader.app */ = {isa = PBXFileReference; explicitFileType = wrapper.application; includeInIndex = 0; path = "innovation-manga-reader.app"; sourceTree = BUILT_PRODUCTS_DIR; };
		B716AE261D746E3700FB0B14 /* AppDelegate.swift */ = {isa = PBXFileReference; lastKnownFileType = sourcecode.swift; path = AppDelegate.swift; sourceTree = "<group>"; };
		B716AE291D746E3700FB0B14 /* innovation_manga_reader.xcdatamodel */ = {isa = PBXFileReference; lastKnownFileType = wrapper.xcdatamodel; path = innovation_manga_reader.xcdatamodel; sourceTree = "<group>"; };
		B716AE2B1D746E3700FB0B14 /* MasterViewController.swift */ = {isa = PBXFileReference; lastKnownFileType = sourcecode.swift; path = MasterViewController.swift; sourceTree = "<group>"; };
		B716AE2D1D746E3700FB0B14 /* DetailViewController.swift */ = {isa = PBXFileReference; lastKnownFileType = sourcecode.swift; path = DetailViewController.swift; sourceTree = "<group>"; };
		B716AE301D746E3700FB0B14 /* Base */ = {isa = PBXFileReference; lastKnownFileType = file.storyboard; name = Base; path = Base.lproj/Main.storyboard; sourceTree = "<group>"; };
		B716AE321D746E3700FB0B14 /* Assets.xcassets */ = {isa = PBXFileReference; lastKnownFileType = folder.assetcatalog; path = Assets.xcassets; sourceTree = "<group>"; };
		B716AE351D746E3700FB0B14 /* Base */ = {isa = PBXFileReference; lastKnownFileType = file.storyboard; name = Base; path = Base.lproj/LaunchScreen.storyboard; sourceTree = "<group>"; };
		B716AE371D746E3700FB0B14 /* Info.plist */ = {isa = PBXFileReference; lastKnownFileType = text.plist.xml; path = Info.plist; sourceTree = "<group>"; };
/* End PBXFileReference section */

/* Begin PBXFrameworksBuildPhase section */
		B716AE201D746E3700FB0B14 /* Frameworks */ = {
			isa = PBXFrameworksBuildPhase;
			buildActionMask = 2147483647;
			files = (
			);
			runOnlyForDeploymentPostprocessing = 0;
		};
/* End PBXFrameworksBuildPhase section */

/* Begin PBXGroup section */
		B716AE1A1D746E3700FB0B14 = {
			isa = PBXGroup;
			children = (
				B716AE251D746E3700FB0B14 /* innovation-manga-reader */,
				B716AE241D746E3700FB0B14 /* Products */,
			);
			sourceTree = "<group>";
		};
		B716AE241D746E3700FB0B14 /* Products */ = {
			isa = PBXGroup;
			children = (
				B716AE231D746E3700FB0B14 /* innovation-manga-reader.app */,
			);
			name = Products;
			sourceTree = "<group>";
		};
		B716AE251D746E3700FB0B14 /* innovation-manga-reader */ = {
			isa = PBXGroup;
			children = (
				B716AE261D746E3700FB0B14 /* AppDelegate.swift */,
				B716AE2B1D746E3700FB0B14 /* MasterViewController.swift */,
				B716AE2D1D746E3700FB0B14 /* DetailViewController.swift */,
				B716AE2F1D746E3700FB0B14 /* Main.storyboard */,
				B716AE321D746E3700FB0B14 /* Assets.xcassets */,
				B716AE341D746E3700FB0B14 /* LaunchScreen.storyboard */,
				B716AE371D746E3700FB0B14 /* Info.plist */,
				B716AE281D746E3700FB0B14 /* innovation_manga_reader.xcdatamodeld */,
			);
			path = "innovation-manga-reader";
			sourceTree = "<group>";
		};
/* End PBXGroup section */

/* Begin PBXNativeTarget section */
		B716AE221D746E3700FB0B14 /* innovation-manga-reader */ = {
			isa = PBXNativeTarget;
			buildConfigurationList = B716AE3A1D746E3700FB0B14 /* Build configuration list for PBXNativeTarget "innovation-manga-reader" */;
			buildPhases = (
				B716AE1F1D746E3700FB0B14 /* Sources */,
				B716AE201D746E3700FB0B14 /* Frameworks */,
				B716AE211D746E3700FB0B14 /* Resources */,
			);
			buildRules = (
			);
			dependencies = (
			);
			name = "innovation-manga-reader";
			productName = "innovation-manga-reader";
			productReference = B716AE231D746E3700FB0B14 /* innovation-manga-reader.app */;
			productType = "com.apple.product-type.application";
		};
/* End PBXNativeTarget section */

/* Begin PBXProject section */
		B716AE1B1D746E3700FB0B14 /* Project object */ = {
			isa = PBXProject;
			attributes = {
				LastSwiftUpdateCheck = 0730;
				LastUpgradeCheck = 0730;
				ORGANIZATIONNAME = "Lucas Le";
				TargetAttributes = {
					B716AE221D746E3700FB0B14 = {
						CreatedOnToolsVersion = 7.3.1;
						DevelopmentTeam = 4BUJLC36Y8;
					};
				};
			};
			buildConfigurationList = B716AE1E1D746E3700FB0B14 /* Build configuration list for PBXProject "innovation-manga-reader" */;
			compatibilityVersion = "Xcode 3.2";
			developmentRegion = English;
			hasScannedForEncodings = 0;
			knownRegions = (
				en,
				Base,
			);
			mainGroup = B716AE1A1D746E3700FB0B14;
			productRefGroup = B716AE241D746E3700FB0B14 /* Products */;
			projectDirPath = "";
			projectRoot = "";
			targets = (
				B716AE221D746E3700FB0B14 /* innovation-manga-reader */,
			);
		};
/* End PBXProject section */

/* Begin PBXResourcesBuildPhase section */
		B716AE211D746E3700FB0B14 /* Resources */ = {
			isa = PBXResourcesBuildPhase;
			buildActionMask = 2147483647;
			files = (
				B716AE361D746E3700FB0B14 /* LaunchScreen.storyboard in Resources */,
				B716AE331D746E3700FB0B14 /* Assets.xcassets in Resources */,
				B716AE311D746E3700FB0B14 /* Main.storyboard in Resources */,
			);
			runOnlyForDeploymentPostprocessing = 0;
		};
/* End PBXResourcesBuildPhase section */

/* Begin PBXSourcesBuildPhase section */
		B716AE1F1D746E3700FB0B14 /* Sources */ = {
			isa = PBXSourcesBuildPhase;
			buildActionMask = 2147483647;
			files = (
				B716AE2A1D746E3700FB0B14 /* innovation_manga_reader.xcdatamodeld in Sources */,
				B716AE271D746E3700FB0B14 /* AppDelegate.swift in Sources */,
				B716AE2C1D746E3700FB0B14 /* MasterViewController.swift in Sources */,
				B716AE2E1D746E3700FB0B14 /* DetailViewController.swift in Sources */,
			);
			runOnlyForDeploymentPostprocessing = 0;
		};
/* End PBXSourcesBuildPhase section */

/* Begin PBXVariantGroup section */
		B716AE2F1D746E3700FB0B14 /* Main.storyboard */ = {
			isa = PBXVariantGroup;
			children = (
				B716AE301D746E3700FB0B14 /* Base */,
			);
			name = Main.storyboard;
			sourceTree = "<group>";
		};
		B716AE341D746E3700FB0B14 /* LaunchScreen.storyboard */ = {
			isa = PBXVariantGroup;
			children = (
				B716AE351D746E3700FB0B14 /* Base */,
			);
			name = LaunchScreen.storyboard;
			sourceTree = "<group>";
		};
/* End PBXVariantGroup section */

/* Begin XCBuildConfiguration section */
		B716AE381D746E3700FB0B14 /* Debug */ = {
			isa = XCBuildConfiguration;
			buildSettings = {
				ALWAYS_SEARCH_USER_PATHS = NO;
				CLANG_ANALYZER_NONNULL = YES;
				CLANG_CXX_LANGUAGE_STANDARD = "gnu++0x";
				CLANG_CXX_LIBRARY = "libc++";
				CLANG_ENABLE_MODULES = YES;
				CLANG_ENABLE_OBJC_ARC = YES;
				CLANG_WARN_BOOL_CONVERSION = YES;
				CLANG_WARN_CONSTANT_CONVERSION = YES;
				CLANG_WARN_DIRECT_OBJC_ISA_USAGE = YES_ERROR;
				CLANG_WARN_EMPTY_BODY = YES;
				CLANG_WARN_ENUM_CONVERSION = YES;
				CLANG_WARN_INT_CONVERSION = YES;
				CLANG_WARN_OBJC_ROOT_CLASS = YES_ERROR;
				CLANG_WARN_UNREACHABLE_CODE = YES;
				CLANG_WARN__DUPLICATE_METHOD_MATCH = YES;
				"CODE_SIGN_IDENTITY[sdk=iphoneos*]" = "iPhone Developer";
				COPY_PHASE_STRIP = NO;
				DEBUG_INFORMATION_FORMAT = dwarf;
				ENABLE_STRICT_OBJC_MSGSEND = YES;
				ENABLE_TESTABILITY = YES;
				GCC_C_LANGUAGE_STANDARD = gnu99;
				GCC_DYNAMIC_NO_PIC = NO;
				GCC_NO_COMMON_BLOCKS = YES;
				GCC_OPTIMIZATION_LEVEL = 0;
				GCC_PREPROCESSOR_DEFINITIONS = (
					"DEBUG=1",
					"$(inherited)",
				);
				GCC_WARN_64_TO_32_BIT_CONVERSION = YES;
				GCC_WARN_ABOUT_RETURN_TYPE = YES_ERROR;
				GCC_WARN_UNDECLARED_SELECTOR = YES;
				GCC_WARN_UNINITIALIZED_AUTOS = YES_AGGRESSIVE;
				GCC_WARN_UNUSED_FUNCTION = YES;
				GCC_WARN_UNUSED_VARIABLE = YES;
				IPHONEOS_DEPLOYMENT_TARGET = 9.3;
				MTL_ENABLE_DEBUG_INFO = YES;
				ONLY_ACTIVE_ARCH = YES;
				SDKROOT = iphoneos;
				SWIFT_OPTIMIZATION_LEVEL = "-Onone";
				TARGETED_DEVICE_FAMILY = "1,2";
			};
			name = Debug;
		};
		B716AE391D746E3700FB0B14 /* Release */ = {
			isa = XCBuildConfiguration;
			buildSettings = {
				ALWAYS_SEARCH_USER_PATHS = NO;
				CLANG_ANALYZER_NONNULL = YES;
				CLANG_CXX_LANGUAGE_STANDARD = "gnu++0x";
				CLANG_CXX_LIBRARY = "libc++";
				CLANG_ENABLE_MODULES = YES;
				CLANG_ENABLE_OBJC_ARC = YES;
				CLANG_WARN_BOOL_CONVERSION = YES;
				CLANG_WARN_CONSTANT_CONVERSION = YES;
				CLANG_WARN_DIRECT_OBJC_ISA_USAGE = YES_ERROR;
				CLANG_WARN_EMPTY_BODY = YES;
				CLANG_WARN_ENUM_CONVERSION = YES;
				CLANG_WARN_INT_CONVERSION = YES;
				CLANG_WARN_OBJC_ROOT_CLASS = YES_ERROR;
				CLANG_WARN_UNREACHABLE_CODE = YES;
				CLANG_WARN__DUPLICATE_METHOD_MATCH = YES;
				"CODE_SIGN_IDENTITY[sdk=iphoneos*]" = "iPhone Developer";
				COPY_PHASE_STRIP = NO;
				DEBUG_INFORMATION_FORMAT = "dwarf-with-dsym";
				ENABLE_NS_ASSERTIONS = NO;
				ENABLE_STRICT_OBJC_MSGSEND = YES;
				GCC_C_LANGUAGE_STANDARD = gnu99;
				GCC_NO_COMMON_BLOCKS = YES;
				GCC_WARN_64_TO_32_BIT_CONVERSION = YES;
				GCC_WARN_ABOUT_RETURN_TYPE = YES_ERROR;
				GCC_WARN_UNDECLARED_SELECTOR = YES;
				GCC_WARN_UNINITIALIZED_AUTOS = YES_AGGRESSIVE;
				GCC_WARN_UNUSED_FUNCTION = YES;
				GCC_WARN_UNUSED_VARIABLE = YES;
				IPHONEOS_DEPLOYMENT_TARGET = 9.3;
				MTL_ENABLE_DEBUG_INFO = NO;
				SDKROOT = iphoneos;
				TARGETED_DEVICE_FAMILY = "1,2";
				VALIDATE_PRODUCT = YES;
			};
			name = Release;
		};
		B716AE3B1D746E3700FB0B14 /* Debug */ = {
			isa = XCBuildConfiguration;
			buildSettings = {
				ASSETCATALOG_COMPILER_APPICON_NAME = AppIcon;
				INFOPLIST_FILE = "innovation-manga-reader/Info.plist";
				LD_RUNPATH_SEARCH_PATHS = "$(inherited) @executable_path/Frameworks";
				PRODUCT_BUNDLE_IDENTIFIER = "us.lehuy.ios.innovation-manga-reader";
				PRODUCT_NAME = "$(TARGET_NAME)";
			};
			name = Debug;
		};
		B716AE3C1D746E3700FB0B14 /* Release */ = {
			isa = XCBuildConfiguration;
			buildSettings = {
				ASSETCATALOG_COMPILER_APPICON_NAME = AppIcon;
				INFOPLIST_FILE = "innovation-manga-reader/Info.plist";
				LD_RUNPATH_SEARCH_PATHS = "$(inherited) @executable_path/Frameworks";
				PRODUCT_BUNDLE_IDENTIFIER = "us.lehuy.ios.innovation-manga-reader";
				PRODUCT_NAME = "$(TARGET_NAME)";
			};
			name = Release;
		};
/* End XCBuildConfiguration section */

/* Begin XCConfigurationList section */
		B716AE1E1D746E3700FB0B14 /* Build configuration list for PBXProject "innovation-manga-reader" */ = {
			isa = XCConfigurationList;
			buildConfigurations = (
				B716AE381D746E3700FB0B14 /* Debug */,
				B716AE391D746E3700FB0B14 /* Release */,
			);
			defaultConfigurationIsVisible = 0;
			defaultConfigurationName = Release;
		};
		B716AE3A1D746E3700FB0B14 /* Build configuration list for PBXNativeTarget "innovation-manga-reader" */ = {
			isa = XCConfigurationList;
			buildConfigurations = (
				B716AE3B1D746E3700FB0B14 /* Debug */,
				B716AE3C1D746E3700FB0B14 /* Release */,
			);
			defaultConfigurationIsVisible = 0;
		};
/* End XCConfigurationList section */

/* Begin XCVersionGroup section */
		B716AE281D746E3700FB0B14 /* innovation_manga_reader.xcdatamodeld */ = {
			isa = XCVersionGroup;
			children = (
				B716AE291D746E3700FB0B14 /* innovation_manga_reader.xcdatamodel */,
			);
			currentVersion = B716AE291D746E3700FB0B14 /* innovation_manga_reader.xcdatamodel */;
			path = innovation_manga_reader.xcdatamodeld;
			sourceTree = "<group>";
			versionGroupType = wrapper.xcdatamodel;
		};
/* End XCVersionGroup section */
	};
	rootObject = B716AE1B1D746E3700FB0B14 /* Project object */;
}
